{
  "name": "serverless",
  "lockfileVersion": 2,
  "requires": true,
  "packages": {
    "": {
      "dependencies": {
        "serverless-apigw-binary": "^0.4.4",
        "serverless-plugin-existing-s3": "^2.4.0",
        "serverless-prune-plugin": "^1.4.3"
      }
    },
    "node_modules/bluebird": {
      "version": "3.7.2",
      "resolved": "https://registry.npmjs.org/bluebird/-/bluebird-3.7.2.tgz",
      "integrity": "sha512-XpNj6GDQzdfW+r2Wnn7xiSAd7TM3jzkxGXBGTtWKuSXv1xUV+azxAm8jdWZN06QTQk+2N2XB9jRDkvbmQmcRtg=="
    },
    "node_modules/serverless-apigw-binary": {
      "version": "0.4.4",
      "resolved": "https://registry.npmjs.org/serverless-apigw-binary/-/serverless-apigw-binary-0.4.4.tgz",
      "integrity": "sha512-2DJmQTzeXa/+8u9ekReqf7j4gQjBtzQE4MK9nlOnEz4F7MVWCQXYlLPmf2TXSoxxJZzlWvIiNzCTq6vAT9F5FQ==",
      "engines": {
        "node": ">=4.0"
      }
    },
    "node_modules/serverless-plugin-existing-s3": {
      "version": "2.4.0",
      "resolved": "https://registry.npmjs.org/serverless-plugin-existing-s3/-/serverless-plugin-existing-s3-2.4.0.tgz",
      "integrity": "sha512-BsOSOM5X4hFmX2U7WlUWvMooTega4fKGc547OiWTUwHtB/H1nBs5bQJxM4jHJLIODEoVLw8J8O90rlif/yHwuQ=="
    },
    "node_modules/serverless-prune-plugin": {
      "version": "1.4.3",
      "resolved": "https://registry.npmjs.org/serverless-prune-plugin/-/serverless-prune-plugin-1.4.3.tgz",
      "integrity": "sha512-gsZF3oLs5rFdp6ynjiWf5cuXZ4DZrAhxRd5Zf2gfH/43kPqtZMZzUqcGYbHh1OXbOzogdn8fEg5d4Q3xxWwRBA==",
      "dependencies": {
        "bluebird": "^3.4.7"
      }
    }
  },
  "dependencies": {
    "bluebird": {
      "version": "3.7.2",
      "resolved": "https://registry.npmjs.org/bluebird/-/bluebird-3.7.2.tgz",
      "integrity": "sha512-XpNj6GDQzdfW+r2Wnn7xiSAd7TM3jzkxGXBGTtWKuSXv1xUV+azxAm8jdWZN06QTQk+2N2XB9jRDkvbmQmcRtg=="
    },
    "serverless-apigw-binary": {
      "version": "0.4.4",
      "resolved": "https://registry.npmjs.org/serverless-apigw-binary/-/serverless-apigw-binary-0.4.4.tgz",
      "integrity": "sha512-2DJmQTzeXa/+8u9ekReqf7j4gQjBtzQE4MK9nlOnEz4F7MVWCQXYlLPmf2TXSoxxJZzlWvIiNzCTq6vAT9F5FQ=="
    },
    "serverless-plugin-existing-s3": {
      "version": "2.4.0",
      "resolved": "https://registry.npmjs.org/serverless-plugin-existing-s3/-/serverless-plugin-existing-s3-2.4.0.tgz",
      "integrity": "sha512-BsOSOM5X4hFmX2U7WlUWvMooTega4fKGc547OiWTUwHtB/H1nBs5bQJxM4jHJLIODEoVLw8J8O90rlif/yHwuQ=="
    },
    "serverless-prune-plugin": {
      "version": "1.4.3",
      "resolved": "https://registry.npmjs.org/serverless-prune-plugin/-/serverless-prune-plugin-1.4.3.tgz",
      "integrity": "sha512-gsZF3oLs5rFdp6ynjiWf5cuXZ4DZrAhxRd5Zf2gfH/43kPqtZMZzUqcGYbHh1OXbOzogdn8fEg5d4Q3xxWwRBA==",
      "requires": {
        "bluebird": "^3.4.7"
      }
    }
  }
}
